
Microsoft Visual Studio Solution File, Format Version 12.00
# Visual Studio Version 16
VisualStudioVersion = 16.0.29409.12
MinimumVisualStudioVersion = 10.0.40219.1
Project("{9A19103F-16F7-4668-BE54-9A1E7A4F7556}") = "NewsApp_by_Group_D", "CSD 412 Assignment 3\NewsApp_by_Group_D.csproj", "{B4AFAF9B-B79D-4C59-BE66-DE5629436D57}"
EndProject
Global
	GlobalSection(SolutionConfigurationPlatforms) = preSolution
		Debug|Any CPU = Debug|Any CPU
		Release|Any CPU = Release|Any CPU
	EndGlobalSection
	GlobalSection(ProjectConfigurationPlatforms) = postSolution
		{B4AFAF9B-B79D-4C59-BE66-DE5629436D57}.Debug|Any CPU.ActiveCfg = Debug|Any CPU
		{B4AFAF9B-B79D-4C59-BE66-DE5629436D57}.Debug|Any CPU.Build.0 = Debug|Any CPU
		{B4AFAF9B-B79D-4C59-BE66-DE5629436D57}.Release|Any CPU.ActiveCfg = Release|Any CPU
		{B4AFAF9B-B79D-4C59-BE66-DE5629436D57}.Release|Any CPU.Build.0 = Release|Any CPU
	EndGlobalSection
	GlobalSection(SolutionProperties) = preSolution
		HideSolutionNode = FALSE
	EndGlobalSection
	GlobalSection(ExtensibilityGlobals) = postSolution
		SolutionGuid = {62AEE7E0-E47E-4EFB-AAC8-1F5C849CEA1C}
	EndGlobalSection
EndGlobal
